
Microsoft Visual Studio Solution File, Format Version 12.00
# Visual Studio Version 17
VisualStudioVersion = 17.5.33424.131
MinimumVisualStudioVersion = 10.0.40219.1
Project("{FAE04EC0-301F-11D3-BF4B-00C04F79EFBC}") = "konversi", "konversi\konversi.csproj", "{79B6542F-ECC9-4F65-A2BF-0F94B5F9956F}"
EndProject
Global
	GlobalSection(SolutionConfigurationPlatforms) = preSolution
		Debug|Any CPU = Debug|Any CPU
		Release|Any CPU = Release|Any CPU
	EndGlobalSection
	GlobalSection(ProjectConfigurationPlatforms) = postSolution
		{79B6542F-ECC9-4F65-A2BF-0F94B5F9956F}.Debug|Any CPU.ActiveCfg = Debug|Any CPU
		{79B6542F-ECC9-4F65-A2BF-0F94B5F9956F}.Debug|Any CPU.Build.0 = Debug|Any CPU
		{79B6542F-ECC9-4F65-A2BF-0F94B5F9956F}.Release|Any CPU.ActiveCfg = Release|Any CPU
		{79B6542F-ECC9-4F65-A2BF-0F94B5F9956F}.Release|Any CPU.Build.0 = Release|Any CPU
	EndGlobalSection
	GlobalSection(SolutionProperties) = preSolution
		HideSolutionNode = FALSE
	EndGlobalSection
	GlobalSection(ExtensibilityGlobals) = postSolution
		SolutionGuid = {7B8C5D5A-324A-4D51-8374-190F22774E74}
	EndGlobalSection
EndGlobal
